// !$*UTF8*$!
{
	archiveVersion = 1;
	classes = {
	};
	objectVersion = 50;
	objects = {

/* Begin PBXBuildFile section */
		16421C0324245E3300CE2CCE /* AppDelegate.swift in Sources */ = {isa = PBXBuildFile; fileRef = 16421C0224245E3300CE2CCE /* AppDelegate.swift */; };
		16421C0524245E3300CE2CCE /* SceneDelegate.swift in Sources */ = {isa = PBXBuildFile; fileRef = 16421C0424245E3300CE2CCE /* SceneDelegate.swift */; };
		16421C0724245E3300CE2CCE /* ViewController.swift in Sources */ = {isa = PBXBuildFile; fileRef = 16421C0624245E3300CE2CCE /* ViewController.swift */; };
		16421C0A24245E3300CE2CCE /* Main.storyboard in Resources */ = {isa = PBXBuildFile; fileRef = 16421C0824245E3300CE2CCE /* Main.storyboard */; };
		16421C0C24245E3400CE2CCE /* Assets.xcassets in Resources */ = {isa = PBXBuildFile; fileRef = 16421C0B24245E3400CE2CCE /* Assets.xcassets */; };
		16421C0F24245E3400CE2CCE /* LaunchScreen.storyboard in Resources */ = {isa = PBXBuildFile; fileRef = 16421C0D24245E3400CE2CCE /* LaunchScreen.storyboard */; };
/* End PBXBuildFile section */

/* Begin PBXFileReference section */
		16421BFF24245E3300CE2CCE /* AVSpeechSynthesizerDemo-Swift.app */ = {isa = PBXFileReference; explicitFileType = wrapper.application; includeInIndex = 0; path = "AVSpeechSynthesizerDemo-Swift.app"; sourceTree = BUILT_PRODUCTS_DIR; };
		16421C0224245E3300CE2CCE /* AppDelegate.swift */ = {isa = PBXFileReference; lastKnownFileType = sourcecode.swift; path = AppDelegate.swift; sourceTree = "<group>"; };
		16421C0424245E3300CE2CCE /* SceneDelegate.swift */ = {isa = PBXFileReference; lastKnownFileType = sourcecode.swift; path = SceneDelegate.swift; sourceTree = "<group>"; };
		16421C0624245E3300CE2CCE /* ViewController.swift */ = {isa = PBXFileReference; lastKnownFileType = sourcecode.swift; path = ViewController.swift; sourceTree = "<group>"; };
		16421C0924245E3300CE2CCE /* Base */ = {isa = PBXFileReference; lastKnownFileType = file.storyboard; name = Base; path = Base.lproj/Main.storyboard; sourceTree = "<group>"; };
		16421C0B24245E3400CE2CCE /* Assets.xcassets */ = {isa = PBXFileReference; lastKnownFileType = folder.assetcatalog; path = Assets.xcassets; sourceTree = "<group>"; };
		16421C0E24245E3400CE2CCE /* Base */ = {isa = PBXFileReference; lastKnownFileType = file.storyboard; name = Base; path = Base.lproj/LaunchScreen.storyboard; sourceTree = "<group>"; };
		16421C1024245E3400CE2CCE /* Info.plist */ = {isa = PBXFileReference; lastKnownFileType = text.plist.xml; path = Info.plist; sourceTree = "<group>"; };
/* End PBXFileReference section */

/* Begin PBXFrameworksBuildPhase section */
		16421BFC24245E3300CE2CCE /* Frameworks */ = {
			isa = PBXFrameworksBuildPhase;
			buildActionMask = 2147483647;
			files = (
			);
			runOnlyForDeploymentPostprocessing = 0;
		};
/* End PBXFrameworksBuildPhase section */

/* Begin PBXGroup section */
		16421BF624245E3300CE2CCE = {
			isa = PBXGroup;
			children = (
				16421C0124245E3300CE2CCE /* AVSpeechSynthesizerDemo-Swift */,
				16421C0024245E3300CE2CCE /* Products */,
			);
			sourceTree = "<group>";
		};
		16421C0024245E3300CE2CCE /* Products */ = {
			isa = PBXGroup;
			children = (
				16421BFF24245E3300CE2CCE /* AVSpeechSynthesizerDemo-Swift.app */,
			);
			name = Products;
			sourceTree = "<group>";
		};
		16421C0124245E3300CE2CCE /* AVSpeechSynthesizerDemo-Swift */ = {
			isa = PBXGroup;
			children = (
				16421C0224245E3300CE2CCE /* AppDelegate.swift */,
				16421C0424245E3300CE2CCE /* SceneDelegate.swift */,
				16421C0624245E3300CE2CCE /* ViewController.swift */,
				16421C0824245E3300CE2CCE /* Main.storyboard */,
				16421C0B24245E3400CE2CCE /* Assets.xcassets */,
				16421C0D24245E3400CE2CCE /* LaunchScreen.storyboard */,
				16421C1024245E3400CE2CCE /* Info.plist */,
			);
			path = "AVSpeechSynthesizerDemo-Swift";
			sourceTree = "<group>";
		};
/* End PBXGroup section */

/* Begin PBXNativeTarget section */
		16421BFE24245E3300CE2CCE /* AVSpeechSynthesizerDemo-Swift */ = {
			isa = PBXNativeTarget;
			buildConfigurationList = 16421C1324245E3400CE2CCE /* Build configuration list for PBXNativeTarget "AVSpeechSynthesizerDemo-Swift" */;
			buildPhases = (
				16421BFB24245E3300CE2CCE /* Sources */,
				16421BFC24245E3300CE2CCE /* Frameworks */,
				16421BFD24245E3300CE2CCE /* Resources */,
			);
			buildRules = (
			);
			dependencies = (
			);
			name = "AVSpeechSynthesizerDemo-Swift";
			productName = "AVSpeechSynthesizerDemo-Swift";
			productReference = 16421BFF24245E3300CE2CCE /* AVSpeechSynthesizerDemo-Swift.app */;
			productType = "com.apple.product-type.application";
		};
/* End PBXNativeTarget section */

/* Begin PBXProject section */
		16421BF724245E3300CE2CCE /* Project object */ = {
			isa = PBXProject;
			attributes = {
				LastSwiftUpdateCheck = 1120;
				LastUpgradeCheck = 1120;
				ORGANIZATIONNAME = "童万明";
				TargetAttributes = {
					16421BFE24245E3300CE2CCE = {
						CreatedOnToolsVersion = 11.2.1;
					};
				};
			};
			buildConfigurationList = 16421BFA24245E3300CE2CCE /* Build configuration list for PBXProject "AVSpeechSynthesizerDemo-Swift" */;
			compatibilityVersion = "Xcode 9.3";
			developmentRegion = en;
			hasScannedForEncodings = 0;
			knownRegions = (
				en,
				Base,
			);
			mainGroup = 16421BF624245E3300CE2CCE;
			productRefGroup = 16421C0024245E3300CE2CCE /* Products */;
			projectDirPath = "";
			projectRoot = "";
			targets = (
				16421BFE24245E3300CE2CCE /* AVSpeechSynthesizerDemo-Swift */,
			);
		};
/* End PBXProject section */

/* Begin PBXResourcesBuildPhase section */
		16421BFD24245E3300CE2CCE /* Resources */ = {
			isa = PBXResourcesBuildPhase;
			buildActionMask = 2147483647;
			files = (
				16421C0F24245E3400CE2CCE /* LaunchScreen.storyboard in Resources */,
				16421C0C24245E3400CE2CCE /* Assets.xcassets in Resources */,
				16421C0A24245E3300CE2CCE /* Main.storyboard in Resources */,
			);
			runOnlyForDeploymentPostprocessing = 0;
		};
/* End PBXResourcesBuildPhase section */

/* Begin PBXSourcesBuildPhase section */
		16421BFB24245E3300CE2CCE /* Sources */ = {
			isa = PBXSourcesBuildPhase;
			buildActionMask = 2147483647;
			files = (
				16421C0724245E3300CE2CCE /* ViewController.swift in Sources */,
				16421C0324245E3300CE2CCE /* AppDelegate.swift in Sources */,
				16421C0524245E3300CE2CCE /* SceneDelegate.swift in Sources */,
			);
			runOnlyForDeploymentPostprocessing = 0;
		};
/* End PBXSourcesBuildPhase section */

/* Begin PBXVariantGroup section */
		16421C0824245E3300CE2CCE /* Main.storyboard */ = {
			isa = PBXVariantGroup;
			children = (
				16421C0924245E3300CE2CCE /* Base */,
			);
			name = Main.storyboard;
			sourceTree = "<group>";
		};
		16421C0D24245E3400CE2CCE /* LaunchScreen.storyboard */ = {
			isa = PBXVariantGroup;
			children = (
				16421C0E24245E3400CE2CCE /* Base */,
			);
			name = LaunchScreen.storyboard;
			sourceTree = "<group>";
		};
/* End PBXVariantGroup section */

/* Begin XCBuildConfiguration section */
		16421C1124245E3400CE2CCE /* Debug */ = {
			isa = XCBuildConfiguration;
			buildSettings = {
				ALWAYS_SEARCH_USER_PATHS = NO;
				CLANG_ANALYZER_NONNULL = YES;
				CLANG_ANALYZER_NUMBER_OBJECT_CONVERSION = YES_AGGRESSIVE;
				CLANG_CXX_LANGUAGE_STANDARD = "gnu++14";
				CLANG_CXX_LIBRARY = "libc++";
				CLANG_ENABLE_MODULES = YES;
				CLANG_ENABLE_OBJC_ARC = YES;
				CLANG_ENABLE_OBJC_WEAK = YES;
				CLANG_WARN_BLOCK_CAPTURE_AUTORELEASING = YES;
				CLANG_WARN_BOOL_CONVERSION = YES;
				CLANG_WARN_COMMA = YES;
				CLANG_WARN_CONSTANT_CONVERSION = YES;
				CLANG_WARN_DEPRECATED_OBJC_IMPLEMENTATIONS = YES;
				CLANG_WARN_DIRECT_OBJC_ISA_USAGE = YES_ERROR;
				CLANG_WARN_DOCUMENTATION_COMMENTS = YES;
				CLANG_WARN_EMPTY_BODY = YES;
				CLANG_WARN_ENUM_CONVERSION = YES;
				CLANG_WARN_INFINITE_RECURSION = YES;
				CLANG_WARN_INT_CONVERSION = YES;
				CLANG_WARN_NON_LITERAL_NULL_CONVERSION = YES;
				CLANG_WARN_OBJC_IMPLICIT_RETAIN_SELF = YES;
				CLANG_WARN_OBJC_LITERAL_CONVERSION = YES;
				CLANG_WARN_OBJC_ROOT_CLASS = YES_ERROR;
				CLANG_WARN_RANGE_LOOP_ANALYSIS = YES;
				CLANG_WARN_STRICT_PROTOTYPES = YES;
				CLANG_WARN_SUSPICIOUS_MOVE = YES;
				CLANG_WARN_UNGUARDED_AVAILABILITY = YES_AGGRESSIVE;
				CLANG_WARN_UNREACHABLE_CODE = YES;
				CLANG_WARN__DUPLICATE_METHOD_MATCH = YES;
				COPY_PHASE_STRIP = NO;
				DEBUG_INFORMATION_FORMAT = dwarf;
				ENABLE_STRICT_OBJC_MSGSEND = YES;
				ENABLE_TESTABILITY = YES;
				GCC_C_LANGUAGE_STANDARD = gnu11;
				GCC_DYNAMIC_NO_PIC = NO;
				GCC_NO_COMMON_BLOCKS = YES;
				GCC_OPTIMIZATION_LEVEL = 0;
				GCC_PREPROCESSOR_DEFINITIONS = (
					"DEBUG=1",
					"$(inherited)",
				);
				GCC_WARN_64_TO_32_BIT_CONVERSION = YES;
				GCC_WARN_ABOUT_RETURN_TYPE = YES_ERROR;
				GCC_WARN_UNDECLARED_SELECTOR = YES;
				GCC_WARN_UNINITIALIZED_AUTOS = YES_AGGRESSIVE;
				GCC_WARN_UNUSED_FUNCTION = YES;
				GCC_WARN_UNUSED_VARIABLE = YES;
				IPHONEOS_DEPLOYMENT_TARGET = 13.2;
				MTL_ENABLE_DEBUG_INFO = INCLUDE_SOURCE;
				MTL_FAST_MATH = YES;
				ONLY_ACTIVE_ARCH = YES;
				SDKROOT = iphoneos;
				SWIFT_ACTIVE_COMPILATION_CONDITIONS = DEBUG;
				SWIFT_OPTIMIZATION_LEVEL = "-Onone";
			};
			name = Debug;
		};
		16421C1224245E3400CE2CCE /* Release */ = {
			isa = XCBuildConfiguration;
			buildSettings = {
				ALWAYS_SEARCH_USER_PATHS = NO;
				CLANG_ANALYZER_NONNULL = YES;
				CLANG_ANALYZER_NUMBER_OBJECT_CONVERSION = YES_AGGRESSIVE;
				CLANG_CXX_LANGUAGE_STANDARD = "gnu++14";
				CLANG_CXX_LIBRARY = "libc++";
				CLANG_ENABLE_MODULES = YES;
				CLANG_ENABLE_OBJC_ARC = YES;
				CLANG_ENABLE_OBJC_WEAK = YES;
				CLANG_WARN_BLOCK_CAPTURE_AUTORELEASING = YES;
				CLANG_WARN_BOOL_CONVERSION = YES;
				CLANG_WARN_COMMA = YES;
				CLANG_WARN_CONSTANT_CONVERSION = YES;
				CLANG_WARN_DEPRECATED_OBJC_IMPLEMENTATIONS = YES;
				CLANG_WARN_DIRECT_OBJC_ISA_USAGE = YES_ERROR;
				CLANG_WARN_DOCUMENTATION_COMMENTS = YES;
				CLANG_WARN_EMPTY_BODY = YES;
				CLANG_WARN_ENUM_CONVERSION = YES;
				CLANG_WARN_INFINITE_RECURSION = YES;
				CLANG_WARN_INT_CONVERSION = YES;
				CLANG_WARN_NON_LITERAL_NULL_CONVERSION = YES;
				CLANG_WARN_OBJC_IMPLICIT_RETAIN_SELF = YES;
				CLANG_WARN_OBJC_LITERAL_CONVERSION = YES;
				CLANG_WARN_OBJC_ROOT_CLASS = YES_ERROR;
				CLANG_WARN_RANGE_LOOP_ANALYSIS = YES;
				CLANG_WARN_STRICT_PROTOTYPES = YES;
				CLANG_WARN_SUSPICIOUS_MOVE = YES;
				CLANG_WARN_UNGUARDED_AVAILABILITY = YES_AGGRESSIVE;
				CLANG_WARN_UNREACHABLE_CODE = YES;
				CLANG_WARN__DUPLICATE_METHOD_MATCH = YES;
				COPY_PHASE_STRIP = NO;
				DEBUG_INFORMATION_FORMAT = "dwarf-with-dsym";
				ENABLE_NS_ASSERTIONS = NO;
				ENABLE_STRICT_OBJC_MSGSEND = YES;
				GCC_C_LANGUAGE_STANDARD = gnu11;
				GCC_NO_COMMON_BLOCKS = YES;
				GCC_WARN_64_TO_32_BIT_CONVERSION = YES;
				GCC_WARN_ABOUT_RETURN_TYPE = YES_ERROR;
				GCC_WARN_UNDECLARED_SELECTOR = YES;
				GCC_WARN_UNINITIALIZED_AUTOS = YES_AGGRESSIVE;
				GCC_WARN_UNUSED_FUNCTION = YES;
				GCC_WARN_UNUSED_VARIABLE = YES;
				IPHONEOS_DEPLOYMENT_TARGET = 13.2;
				MTL_ENABLE_DEBUG_INFO = NO;
				MTL_FAST_MATH = YES;
				SDKROOT = iphoneos;
				SWIFT_COMPILATION_MODE = wholemodule;
				SWIFT_OPTIMIZATION_LEVEL = "-O";
				VALIDATE_PRODUCT = YES;
			};
			name = Release;
		};
		16421C1424245E3400CE2CCE /* Debug */ = {
			isa = XCBuildConfiguration;
			buildSettings = {
				ASSETCATALOG_COMPILER_APPICON_NAME = AppIcon;
				CODE_SIGN_STYLE = Automatic;
				INFOPLIST_FILE = "AVSpeechSynthesizerDemo-Swift/Info.plist";
				LD_RUNPATH_SEARCH_PATHS = (
					"$(inherited)",
					"@executable_path/Frameworks",
				);
				PRODUCT_BUNDLE_IDENTIFIER = "tongwanming.AVSpeechSynthesizerDemo-Swift";
				PRODUCT_NAME = "$(TARGET_NAME)";
				SWIFT_VERSION = 5.0;
				TARGETED_DEVICE_FAMILY = "1,2";
			};
			name = Debug;
		};
		16421C1524245E3400CE2CCE /* Release */ = {
			isa = XCBuildConfiguration;
			buildSettings = {
				ASSETCATALOG_COMPILER_APPICON_NAME = AppIcon;
				CODE_SIGN_STYLE = Automatic;
				INFOPLIST_FILE = "AVSpeechSynthesizerDemo-Swift/Info.plist";
				LD_RUNPATH_SEARCH_PATHS = (
					"$(inherited)",
					"@executable_path/Frameworks",
				);
				PRODUCT_BUNDLE_IDENTIFIER = "tongwanming.AVSpeechSynthesizerDemo-Swift";
				PRODUCT_NAME = "$(TARGET_NAME)";
				SWIFT_VERSION = 5.0;
				TARGETED_DEVICE_FAMILY = "1,2";
			};
			name = Release;
		};
/* End XCBuildConfiguration section */

/* Begin XCConfigurationList section */
		16421BFA24245E3300CE2CCE /* Build configuration list for PBXProject "AVSpeechSynthesizerDemo-Swift" */ = {
			isa = XCConfigurationList;
			buildConfigurations = (
				16421C1124245E3400CE2CCE /* Debug */,
				16421C1224245E3400CE2CCE /* Release */,
			);
			defaultConfigurationIsVisible = 0;
			defaultConfigurationName = Release;
		};
		16421C1324245E3400CE2CCE /* Build configuration list for PBXNativeTarget "AVSpeechSynthesizerDemo-Swift" */ = {
			isa = XCConfigurationList;
			buildConfigurations = (
				16421C1424245E3400CE2CCE /* Debug */,
				16421C1524245E3400CE2CCE /* Release */,
			);
			defaultConfigurationIsVisible = 0;
			defaultConfigurationName = Release;
		};
/* End XCConfigurationList section */
	};
	rootObject = 16421BF724245E3300CE2CCE /* Project object */;
}
